
Microsoft Visual Studio Solution File, Format Version 12.00
# Visual Studio Version 17
VisualStudioVersion = 17.6.33801.468
MinimumVisualStudioVersion = 10.0.40219.1
Project("{FAE04EC0-301F-11D3-BF4B-00C04F79EFBC}") = "Print First Letter of words inside of array", "Print First Letter of words inside of array.csproj", "{FEF71395-8306-4A1B-927C-54A7CC03D732}"
EndProject
Global
	GlobalSection(SolutionConfigurationPlatforms) = preSolution
		Debug|Any CPU = Debug|Any CPU
		Release|Any CPU = Release|Any CPU
	EndGlobalSection
	GlobalSection(ProjectConfigurationPlatforms) = postSolution
		{FEF71395-8306-4A1B-927C-54A7CC03D732}.Debug|Any CPU.ActiveCfg = Debug|Any CPU
		{FEF71395-8306-4A1B-927C-54A7CC03D732}.Debug|Any CPU.Build.0 = Debug|Any CPU
		{FEF71395-8306-4A1B-927C-54A7CC03D732}.Release|Any CPU.ActiveCfg = Release|Any CPU
		{FEF71395-8306-4A1B-927C-54A7CC03D732}.Release|Any CPU.Build.0 = Release|Any CPU
	EndGlobalSection
	GlobalSection(SolutionProperties) = preSolution
		HideSolutionNode = FALSE
	EndGlobalSection
	GlobalSection(ExtensibilityGlobals) = postSolution
		SolutionGuid = {9FB6DC3F-9032-43AA-807E-044D0F95EA9B}
	EndGlobalSection
EndGlobal
