
Microsoft Visual Studio Solution File, Format Version 12.00
# Visual Studio Version 17
VisualStudioVersion = 17.6.33801.468
MinimumVisualStudioVersion = 10.0.40219.1
Project("{FAE04EC0-301F-11D3-BF4B-00C04F79EFBC}") = "Vowels Words", "Vowels Words.csproj", "{1E625E84-A6B1-42A0-B3E1-09E9764DFDEC}"
EndProject
Global
	GlobalSection(SolutionConfigurationPlatforms) = preSolution
		Debug|Any CPU = Debug|Any CPU
		Release|Any CPU = Release|Any CPU
	EndGlobalSection
	GlobalSection(ProjectConfigurationPlatforms) = postSolution
		{1E625E84-A6B1-42A0-B3E1-09E9764DFDEC}.Debug|Any CPU.ActiveCfg = Debug|Any CPU
		{1E625E84-A6B1-42A0-B3E1-09E9764DFDEC}.Debug|Any CPU.Build.0 = Debug|Any CPU
		{1E625E84-A6B1-42A0-B3E1-09E9764DFDEC}.Release|Any CPU.ActiveCfg = Release|Any CPU
		{1E625E84-A6B1-42A0-B3E1-09E9764DFDEC}.Release|Any CPU.Build.0 = Release|Any CPU
	EndGlobalSection
	GlobalSection(SolutionProperties) = preSolution
		HideSolutionNode = FALSE
	EndGlobalSection
	GlobalSection(ExtensibilityGlobals) = postSolution
		SolutionGuid = {EE71E424-0BBB-426A-9926-A9D9CE499ACD}
	EndGlobalSection
EndGlobal
