
Microsoft Visual Studio Solution File, Format Version 12.00
# Visual Studio Version 17
VisualStudioVersion = 17.6.33801.468
MinimumVisualStudioVersion = 10.0.40219.1
Project("{FAE04EC0-301F-11D3-BF4B-00C04F79EFBC}") = "Adding Employees Names", "Adding Employees Names.csproj", "{50832A21-49D8-41E8-9BA3-28FC53D4512D}"
EndProject
Global
	GlobalSection(SolutionConfigurationPlatforms) = preSolution
		Debug|Any CPU = Debug|Any CPU
		Release|Any CPU = Release|Any CPU
	EndGlobalSection
	GlobalSection(ProjectConfigurationPlatforms) = postSolution
		{50832A21-49D8-41E8-9BA3-28FC53D4512D}.Debug|Any CPU.ActiveCfg = Debug|Any CPU
		{50832A21-49D8-41E8-9BA3-28FC53D4512D}.Debug|Any CPU.Build.0 = Debug|Any CPU
		{50832A21-49D8-41E8-9BA3-28FC53D4512D}.Release|Any CPU.ActiveCfg = Release|Any CPU
		{50832A21-49D8-41E8-9BA3-28FC53D4512D}.Release|Any CPU.Build.0 = Release|Any CPU
	EndGlobalSection
	GlobalSection(SolutionProperties) = preSolution
		HideSolutionNode = FALSE
	EndGlobalSection
	GlobalSection(ExtensibilityGlobals) = postSolution
		SolutionGuid = {DBD1B355-0974-499E-941D-AE1198B1394F}
	EndGlobalSection
EndGlobal
