
Microsoft Visual Studio Solution File, Format Version 12.00
# Visual Studio Version 17
VisualStudioVersion = 17.6.33801.468
MinimumVisualStudioVersion = 10.0.40219.1
Project("{FAE04EC0-301F-11D3-BF4B-00C04F79EFBC}") = "Foot And Inche Calculator", "Foot And Inche Calculator.csproj", "{EBB88EBB-0648-4A4B-9C8B-7A7BF4AE6ECA}"
EndProject
Global
	GlobalSection(SolutionConfigurationPlatforms) = preSolution
		Debug|Any CPU = Debug|Any CPU
		Release|Any CPU = Release|Any CPU
	EndGlobalSection
	GlobalSection(ProjectConfigurationPlatforms) = postSolution
		{EBB88EBB-0648-4A4B-9C8B-7A7BF4AE6ECA}.Debug|Any CPU.ActiveCfg = Debug|Any CPU
		{EBB88EBB-0648-4A4B-9C8B-7A7BF4AE6ECA}.Debug|Any CPU.Build.0 = Debug|Any CPU
		{EBB88EBB-0648-4A4B-9C8B-7A7BF4AE6ECA}.Release|Any CPU.ActiveCfg = Release|Any CPU
		{EBB88EBB-0648-4A4B-9C8B-7A7BF4AE6ECA}.Release|Any CPU.Build.0 = Release|Any CPU
	EndGlobalSection
	GlobalSection(SolutionProperties) = preSolution
		HideSolutionNode = FALSE
	EndGlobalSection
	GlobalSection(ExtensibilityGlobals) = postSolution
		SolutionGuid = {C7A013EC-7AA5-43A2-9A4D-792FD934210B}
	EndGlobalSection
EndGlobal
