
Microsoft Visual Studio Solution File, Format Version 12.00
# Visual Studio Version 17
VisualStudioVersion = 17.6.33801.468
MinimumVisualStudioVersion = 10.0.40219.1
Project("{FAE04EC0-301F-11D3-BF4B-00C04F79EFBC}") = "Valid number Checking", "Valid number Checking.csproj", "{C0716123-BF52-4C58-B2A3-DB2D9A4EBA19}"
EndProject
Global
	GlobalSection(SolutionConfigurationPlatforms) = preSolution
		Debug|Any CPU = Debug|Any CPU
		Release|Any CPU = Release|Any CPU
	EndGlobalSection
	GlobalSection(ProjectConfigurationPlatforms) = postSolution
		{C0716123-BF52-4C58-B2A3-DB2D9A4EBA19}.Debug|Any CPU.ActiveCfg = Debug|Any CPU
		{C0716123-BF52-4C58-B2A3-DB2D9A4EBA19}.Debug|Any CPU.Build.0 = Debug|Any CPU
		{C0716123-BF52-4C58-B2A3-DB2D9A4EBA19}.Release|Any CPU.ActiveCfg = Release|Any CPU
		{C0716123-BF52-4C58-B2A3-DB2D9A4EBA19}.Release|Any CPU.Build.0 = Release|Any CPU
	EndGlobalSection
	GlobalSection(SolutionProperties) = preSolution
		HideSolutionNode = FALSE
	EndGlobalSection
	GlobalSection(ExtensibilityGlobals) = postSolution
		SolutionGuid = {69D0238A-7F7E-40A3-AD03-57007728C9E9}
	EndGlobalSection
EndGlobal
