
Microsoft Visual Studio Solution File, Format Version 12.00
# Visual Studio Version 17
VisualStudioVersion = 17.6.33801.468
MinimumVisualStudioVersion = 10.0.40219.1
Project("{FAE04EC0-301F-11D3-BF4B-00C04F79EFBC}") = "Dynamic text file length finder", "Dynamic text file length finder.csproj", "{07B23761-33BD-442E-9CE1-564D3F0A8A3B}"
EndProject
Global
	GlobalSection(SolutionConfigurationPlatforms) = preSolution
		Debug|Any CPU = Debug|Any CPU
		Release|Any CPU = Release|Any CPU
	EndGlobalSection
	GlobalSection(ProjectConfigurationPlatforms) = postSolution
		{07B23761-33BD-442E-9CE1-564D3F0A8A3B}.Debug|Any CPU.ActiveCfg = Debug|Any CPU
		{07B23761-33BD-442E-9CE1-564D3F0A8A3B}.Debug|Any CPU.Build.0 = Debug|Any CPU
		{07B23761-33BD-442E-9CE1-564D3F0A8A3B}.Release|Any CPU.ActiveCfg = Release|Any CPU
		{07B23761-33BD-442E-9CE1-564D3F0A8A3B}.Release|Any CPU.Build.0 = Release|Any CPU
	EndGlobalSection
	GlobalSection(SolutionProperties) = preSolution
		HideSolutionNode = FALSE
	EndGlobalSection
	GlobalSection(ExtensibilityGlobals) = postSolution
		SolutionGuid = {BC783FEE-B4BF-46A9-8C39-F775291F7F39}
	EndGlobalSection
EndGlobal
